
Microsoft Visual Studio Solution File, Format Version 12.00
# Visual Studio Version 17
VisualStudioVersion = 17.14.36915.13 d17.14
MinimumVisualStudioVersion = 10.0.40219.1
Project("{FAE04EC0-301F-11D3-BF4B-00C04F79EFBC}") = "AidDeskAPI", "AidDeskAPI\AidDeskAPI.csproj", "{E235BDF6-4DB9-4A0E-867D-423C5AA10172}"
EndProject
Project("{FAE04EC0-301F-11D3-BF4B-00C04F79EFBC}") = "AidDeskDatabase_DataAccess_EF", "AidDeskDatabase_DataAccess_EF\AidDeskDatabase_DataAccess_EF.csproj", "{39719C66-FBEE-4084-A37D-88F7A2997614}"
EndProject
Global
	GlobalSection(SolutionConfigurationPlatforms) = preSolution
		Debug|Any CPU = Debug|Any CPU
		Release|Any CPU = Release|Any CPU
	EndGlobalSection
	GlobalSection(ProjectConfigurationPlatforms) = postSolution
		{E235BDF6-4DB9-4A0E-867D-423C5AA10172}.Debug|Any CPU.ActiveCfg = Debug|Any CPU
		{E235BDF6-4DB9-4A0E-867D-423C5AA10172}.Debug|Any CPU.Build.0 = Debug|Any CPU
		{E235BDF6-4DB9-4A0E-867D-423C5AA10172}.Release|Any CPU.ActiveCfg = Release|Any CPU
		{E235BDF6-4DB9-4A0E-867D-423C5AA10172}.Release|Any CPU.Build.0 = Release|Any CPU
		{39719C66-FBEE-4084-A37D-88F7A2997614}.Debug|Any CPU.ActiveCfg = Debug|Any CPU
		{39719C66-FBEE-4084-A37D-88F7A2997614}.Debug|Any CPU.Build.0 = Debug|Any CPU
		{39719C66-FBEE-4084-A37D-88F7A2997614}.Release|Any CPU.ActiveCfg = Release|Any CPU
		{39719C66-FBEE-4084-A37D-88F7A2997614}.Release|Any CPU.Build.0 = Release|Any CPU
	EndGlobalSection
	GlobalSection(SolutionProperties) = preSolution
		HideSolutionNode = FALSE
	EndGlobalSection
	GlobalSection(ExtensibilityGlobals) = postSolution
		SolutionGuid = {6400D724-FC74-41A3-A799-03A4C02AF828}
	EndGlobalSection
EndGlobal
